
Microsoft Visual Studio Solution File, Format Version 12.00
# Visual Studio Version 17
VisualStudioVersion = 17.9.34728.123
MinimumVisualStudioVersion = 10.0.40219.1
Project("{9A19103F-16F7-4668-BE54-9A1E7A4F7556}") = "AuthenticateAPI", "AuthenticateAPI\AuthenticateAPI.csproj", "{914E5C3A-0F2F-41B7-B1EC-585D7164A61F}"
EndProject
Project("{FAE04EC0-301F-11D3-BF4B-00C04F79EFBC}") = "XUnitTests", "XUnitTests\XUnitTests.csproj", "{AEDF3B1B-0D7D-4AF5-A239-E6B1B5E85ACC}"
EndProject
Global
	GlobalSection(SolutionConfigurationPlatforms) = preSolution
		Debug|Any CPU = Debug|Any CPU
		Release|Any CPU = Release|Any CPU
	EndGlobalSection
	GlobalSection(ProjectConfigurationPlatforms) = postSolution
		{914E5C3A-0F2F-41B7-B1EC-585D7164A61F}.Debug|Any CPU.ActiveCfg = Debug|Any CPU
		{914E5C3A-0F2F-41B7-B1EC-585D7164A61F}.Debug|Any CPU.Build.0 = Debug|Any CPU
		{914E5C3A-0F2F-41B7-B1EC-585D7164A61F}.Release|Any CPU.ActiveCfg = Release|Any CPU
		{914E5C3A-0F2F-41B7-B1EC-585D7164A61F}.Release|Any CPU.Build.0 = Release|Any CPU
		{AEDF3B1B-0D7D-4AF5-A239-E6B1B5E85ACC}.Debug|Any CPU.ActiveCfg = Debug|Any CPU
		{AEDF3B1B-0D7D-4AF5-A239-E6B1B5E85ACC}.Debug|Any CPU.Build.0 = Debug|Any CPU
		{AEDF3B1B-0D7D-4AF5-A239-E6B1B5E85ACC}.Release|Any CPU.ActiveCfg = Release|Any CPU
		{AEDF3B1B-0D7D-4AF5-A239-E6B1B5E85ACC}.Release|Any CPU.Build.0 = Release|Any CPU
	EndGlobalSection
	GlobalSection(SolutionProperties) = preSolution
		HideSolutionNode = FALSE
	EndGlobalSection
	GlobalSection(ExtensibilityGlobals) = postSolution
		SolutionGuid = {678238D4-4015-4F2C-A7A7-9B5CDC33A932}
	EndGlobalSection
EndGlobal
